{
    "_readme": [
        "This file locks the dependencies of your project to a known state",
        "Read more about it at https://getcomposer.org/doc/01-basic-usage.md#installing-dependencies",
        "This file is @generated automatically"
    ],
    "content-hash": "1d6404b52e073c2762fe60ac083df948",
    "packages": [
        {
            "name": "eftec/bladeone",
            "version": "3.8",
            "source": {
                "type": "git",
                "url": "https://github.com/EFTEC/BladeOne.git",
                "reference": "ed5216921dc946c9f894ba60579bd9fcbf3a3b22"
            },
            "dist": {
                "type": "zip",
                "url": "https://api.github.com/repos/EFTEC/BladeOne/zipball/ed5216921dc946c9f894ba60579bd9fcbf3a3b22",
                "reference": "ed5216921dc946c9f894ba60579bd9fcbf3a3b22",
                "shasum": ""
            },
            "type": "library",
            "extra": {
                "branch-alias": {
                    "dev-master": "3.8-dev"
                }
            },
            "autoload": {
                "psr-4": {
                    "eftec\\bladeone\\": "lib/"
                }
            },
            "notification-url": "https://packagist.org/downloads/",
            "license": [
                "MIT"
            ],
            "authors": [
                {
                    "name": "Jorge Patricio Castro Castillo",
                    "email": "jcastro@eftec.cl"
                }
            ],
            "description": "The standalone version Blade Template Engine from Laravel in a single php file",
            "homepage": "https://github.com/EFTEC/BladeOne",
            "keywords": [
                "blade",
                "php",
                "template",
                "view"
            ],
            "time": "2018-09-01T15:46:07+00:00"
        },
        {
            "name": "nikic/fast-route",
            "version": "v1.3.0",
            "source": {
                "type": "git",
                "url": "https://github.com/nikic/FastRoute.git",
                "reference": "181d480e08d9476e61381e04a71b34dc0432e812"
            },
            "dist": {
                "type": "zip",
                "url": "https://api.github.com/repos/nikic/FastRoute/zipball/181d480e08d9476e61381e04a71b34dc0432e812",
                "reference": "181d480e08d9476e61381e04a71b34dc0432e812",
                "shasum": ""
            },
            "require": {
                "php": ">=5.4.0"
            },
            "require-dev": {
                "phpunit/phpunit": "^4.8.35|~5.7"
            },
            "type": "library",
            "autoload": {
                "psr-4": {
                    "FastRoute\\": "src/"
                },
                "files": [
                    "src/functions.php"
                ]
            },
            "notification-url": "https://packagist.org/downloads/",
            "license": [
                "BSD-3-Clause"
            ],
            "authors": [
                {
                    "name": "Nikita Popov",
                    "email": "nikic@php.net"
                }
            ],
            "description": "Fast request router for PHP",
            "keywords": [
                "router",
                "routing"
            ],
            "time": "2018-02-13T20:26:39+00:00"
        },
        {
            "name": "xy2z/blade-router",
            "version": "dev-master",
            "source": {
                "type": "git",
                "url": "https://github.com/xy2z/BladeRouter.git",
                "reference": "407112da7e9fd3967703cad4732626c476509560"
            },
            "dist": {
                "type": "zip",
                "url": "https://api.github.com/repos/xy2z/BladeRouter/zipball/407112da7e9fd3967703cad4732626c476509560",
                "reference": "407112da7e9fd3967703cad4732626c476509560",
                "shasum": ""
            },
            "require": {
                "eftec/bladeone": "^3.8",
                "nikic/fast-route": "^1.3",
                "php": ">=7.0"
            },
            "type": "library",
            "autoload": {
                "psr-4": {
                    "xy2z\\BladeRouter\\": "src/"
                }
            },
            "notification-url": "https://packagist.org/downloads/",
            "authors": [
                {
                    "name": "xy2z",
                    "email": "xy2z@pm.me"
                }
            ],
            "description": "Fast router for serving blade views",
            "keywords": [
                "blade",
                "bladeone",
                "fast-route",
                "static"
            ],
            "time": "2018-09-15T17:36:24+00:00"
        }
    ],
    "packages-dev": [],
    "aliases": [],
    "minimum-stability": "stable",
    "stability-flags": {
        "xy2z/blade-router": 20
    },
    "prefer-stable": false,
    "prefer-lowest": false,
    "platform": [],
    "platform-dev": []
}
